
Microsoft Visual Studio Solution File, Format Version 12.00
# Visual Studio Version 17
VisualStudioVersion = 17.4.33110.190
MinimumVisualStudioVersion = 10.0.40219.1
Project("{9A19103F-16F7-4668-BE54-9A1E7A4F7556}") = "Telegram_Bot", "Front_layer\Telegram_Bot\Telegram_Bot.csproj", "{E2B02033-37F7-46EE-9D1A-0015D898811D}"
EndProject
Project("{2150E333-8FDC-42A3-9474-1A3956D46DE8}") = "Front_layer", "Front_layer", "{FA5FE8BD-0AB2-4506-B608-D8CD5B186B7D}"
EndProject
Project("{9A19103F-16F7-4668-BE54-9A1E7A4F7556}") = "Discord_bot", "Front_layer\Discord_bot\Discord_bot.csproj", "{BA09C4A1-9656-4698-94DE-5930DC7AFCC1}"
EndProject
Project("{2150E333-8FDC-42A3-9474-1A3956D46DE8}") = "Core_layer", "Core_layer", "{8A796233-98D6-492B-BDA0-B0FD34689FED}"
EndProject
Project("{9A19103F-16F7-4668-BE54-9A1E7A4F7556}") = "Bot_package", "Core_layer\Bot_package\Bot_package.csproj", "{5F518D9D-4069-48D8-B6BD-3431790FACEB}"
EndProject
Project("{9A19103F-16F7-4668-BE54-9A1E7A4F7556}") = "Test_package", "Core_layer\Test_package\Test_package.csproj", "{5E0B8096-4442-490E-9E59-D1B0612D24E0}"
EndProject
Project("{9A19103F-16F7-4668-BE54-9A1E7A4F7556}") = "Command_package", "Core_layer\Command_package\Command_package.csproj", "{08D9A858-ECA3-4489-B7A9-C20C5BC61582}"
EndProject
Project("{2150E333-8FDC-42A3-9474-1A3956D46DE8}") = "Deep_layer", "Deep_layer", "{A8CAFE19-A4C1-4B77-93EC-95BBFF2BCFAD}"
EndProject
Project("{9A19103F-16F7-4668-BE54-9A1E7A4F7556}") = "NLP_package", "Deep_layer\NLP_package\NLP_package.csproj", "{98D141BB-0291-410D-B0E0-6E25355A1B46}"
EndProject
Project("{9A19103F-16F7-4668-BE54-9A1E7A4F7556}") = "DB_package", "Deep_layer\DB_package\DB_package.csproj", "{BE61C5A9-BD88-4DD6-BAC0-B1D0713A7FFC}"
EndProject
Project("{9A19103F-16F7-4668-BE54-9A1E7A4F7556}") = "API_package", "Deep_layer\API_package\API_package.csproj", "{5EE4F385-EEA8-4AC6-955A-F7F00508529D}"
EndProject
Project("{9A19103F-16F7-4668-BE54-9A1E7A4F7556}") = "Answer_package", "Core_layer\Answer_package\Answer_package.csproj", "{317BF6D3-FC1F-4ACF-9633-CAC631F5AD0C}"
EndProject
Global
	GlobalSection(SolutionConfigurationPlatforms) = preSolution
		Debug|Any CPU = Debug|Any CPU
		Release|Any CPU = Release|Any CPU
	EndGlobalSection
	GlobalSection(ProjectConfigurationPlatforms) = postSolution
		{E2B02033-37F7-46EE-9D1A-0015D898811D}.Debug|Any CPU.ActiveCfg = Debug|Any CPU
		{E2B02033-37F7-46EE-9D1A-0015D898811D}.Debug|Any CPU.Build.0 = Debug|Any CPU
		{E2B02033-37F7-46EE-9D1A-0015D898811D}.Release|Any CPU.ActiveCfg = Release|Any CPU
		{E2B02033-37F7-46EE-9D1A-0015D898811D}.Release|Any CPU.Build.0 = Release|Any CPU
		{BA09C4A1-9656-4698-94DE-5930DC7AFCC1}.Debug|Any CPU.ActiveCfg = Debug|Any CPU
		{BA09C4A1-9656-4698-94DE-5930DC7AFCC1}.Debug|Any CPU.Build.0 = Debug|Any CPU
		{BA09C4A1-9656-4698-94DE-5930DC7AFCC1}.Release|Any CPU.ActiveCfg = Release|Any CPU
		{BA09C4A1-9656-4698-94DE-5930DC7AFCC1}.Release|Any CPU.Build.0 = Release|Any CPU
		{5F518D9D-4069-48D8-B6BD-3431790FACEB}.Debug|Any CPU.ActiveCfg = Debug|Any CPU
		{5F518D9D-4069-48D8-B6BD-3431790FACEB}.Debug|Any CPU.Build.0 = Debug|Any CPU
		{5F518D9D-4069-48D8-B6BD-3431790FACEB}.Release|Any CPU.ActiveCfg = Release|Any CPU
		{5F518D9D-4069-48D8-B6BD-3431790FACEB}.Release|Any CPU.Build.0 = Release|Any CPU
		{5E0B8096-4442-490E-9E59-D1B0612D24E0}.Debug|Any CPU.ActiveCfg = Debug|Any CPU
		{5E0B8096-4442-490E-9E59-D1B0612D24E0}.Debug|Any CPU.Build.0 = Debug|Any CPU
		{5E0B8096-4442-490E-9E59-D1B0612D24E0}.Release|Any CPU.ActiveCfg = Release|Any CPU
		{5E0B8096-4442-490E-9E59-D1B0612D24E0}.Release|Any CPU.Build.0 = Release|Any CPU
		{08D9A858-ECA3-4489-B7A9-C20C5BC61582}.Debug|Any CPU.ActiveCfg = Debug|Any CPU
		{08D9A858-ECA3-4489-B7A9-C20C5BC61582}.Debug|Any CPU.Build.0 = Debug|Any CPU
		{08D9A858-ECA3-4489-B7A9-C20C5BC61582}.Release|Any CPU.ActiveCfg = Release|Any CPU
		{08D9A858-ECA3-4489-B7A9-C20C5BC61582}.Release|Any CPU.Build.0 = Release|Any CPU
		{98D141BB-0291-410D-B0E0-6E25355A1B46}.Debug|Any CPU.ActiveCfg = Debug|Any CPU
		{98D141BB-0291-410D-B0E0-6E25355A1B46}.Debug|Any CPU.Build.0 = Debug|Any CPU
		{98D141BB-0291-410D-B0E0-6E25355A1B46}.Release|Any CPU.ActiveCfg = Release|Any CPU
		{98D141BB-0291-410D-B0E0-6E25355A1B46}.Release|Any CPU.Build.0 = Release|Any CPU
		{BE61C5A9-BD88-4DD6-BAC0-B1D0713A7FFC}.Debug|Any CPU.ActiveCfg = Debug|Any CPU
		{BE61C5A9-BD88-4DD6-BAC0-B1D0713A7FFC}.Debug|Any CPU.Build.0 = Debug|Any CPU
		{BE61C5A9-BD88-4DD6-BAC0-B1D0713A7FFC}.Release|Any CPU.ActiveCfg = Release|Any CPU
		{BE61C5A9-BD88-4DD6-BAC0-B1D0713A7FFC}.Release|Any CPU.Build.0 = Release|Any CPU
		{5EE4F385-EEA8-4AC6-955A-F7F00508529D}.Debug|Any CPU.ActiveCfg = Debug|Any CPU
		{5EE4F385-EEA8-4AC6-955A-F7F00508529D}.Debug|Any CPU.Build.0 = Debug|Any CPU
		{5EE4F385-EEA8-4AC6-955A-F7F00508529D}.Release|Any CPU.ActiveCfg = Release|Any CPU
		{5EE4F385-EEA8-4AC6-955A-F7F00508529D}.Release|Any CPU.Build.0 = Release|Any CPU
		{317BF6D3-FC1F-4ACF-9633-CAC631F5AD0C}.Debug|Any CPU.ActiveCfg = Debug|Any CPU
		{317BF6D3-FC1F-4ACF-9633-CAC631F5AD0C}.Debug|Any CPU.Build.0 = Debug|Any CPU
		{317BF6D3-FC1F-4ACF-9633-CAC631F5AD0C}.Release|Any CPU.ActiveCfg = Release|Any CPU
		{317BF6D3-FC1F-4ACF-9633-CAC631F5AD0C}.Release|Any CPU.Build.0 = Release|Any CPU
	EndGlobalSection
	GlobalSection(SolutionProperties) = preSolution
		HideSolutionNode = FALSE
	EndGlobalSection
	GlobalSection(NestedProjects) = preSolution
		{E2B02033-37F7-46EE-9D1A-0015D898811D} = {FA5FE8BD-0AB2-4506-B608-D8CD5B186B7D}
		{BA09C4A1-9656-4698-94DE-5930DC7AFCC1} = {FA5FE8BD-0AB2-4506-B608-D8CD5B186B7D}
		{5F518D9D-4069-48D8-B6BD-3431790FACEB} = {8A796233-98D6-492B-BDA0-B0FD34689FED}
		{5E0B8096-4442-490E-9E59-D1B0612D24E0} = {8A796233-98D6-492B-BDA0-B0FD34689FED}
		{08D9A858-ECA3-4489-B7A9-C20C5BC61582} = {8A796233-98D6-492B-BDA0-B0FD34689FED}
		{98D141BB-0291-410D-B0E0-6E25355A1B46} = {A8CAFE19-A4C1-4B77-93EC-95BBFF2BCFAD}
		{BE61C5A9-BD88-4DD6-BAC0-B1D0713A7FFC} = {A8CAFE19-A4C1-4B77-93EC-95BBFF2BCFAD}
		{5EE4F385-EEA8-4AC6-955A-F7F00508529D} = {A8CAFE19-A4C1-4B77-93EC-95BBFF2BCFAD}
		{317BF6D3-FC1F-4ACF-9633-CAC631F5AD0C} = {8A796233-98D6-492B-BDA0-B0FD34689FED}
	EndGlobalSection
	GlobalSection(ExtensibilityGlobals) = postSolution
		SolutionGuid = {9FA77164-9410-40D5-A5F6-F84739224741}
	EndGlobalSection
EndGlobal
