
Microsoft Visual Studio Solution File, Format Version 12.00
# Visual Studio Version 17
VisualStudioVersion = 17.0.31903.59
MinimumVisualStudioVersion = 10.0.40219.1
Project("{2150E333-8FDC-42A3-9474-1A3956D46DE8}") = "Front_layer", "Front_layer", "{05DF31CE-5337-495A-8C6A-6C26FC817AB2}"
EndProject
Project("{FAE04EC0-301F-11D3-BF4B-00C04F79EFBC}") = "Telegram_bot", "Front_layer\Telegram_bot\Telegram_bot.csproj", "{AA22EFAF-264F-4B6C-96BB-CAF1F1D89BA6}"
EndProject
Project("{FAE04EC0-301F-11D3-BF4B-00C04F79EFBC}") = "Discord_bot", "Front_layer\Discord_bot\Discord_bot.csproj", "{97B3A9F6-052B-4DF3-AC3E-9395C6D5D7BA}"
EndProject
Project("{2150E333-8FDC-42A3-9474-1A3956D46DE8}") = "Core_layer", "Core_layer", "{B8679903-7EAF-44A8-A498-C600713FD8AE}"
EndProject
Project("{FAE04EC0-301F-11D3-BF4B-00C04F79EFBC}") = "Answer_package", "Core_layer\Answer_package\Answer_package.csproj", "{E97B23B8-FD28-4847-A1C3-F0577D827911}"
EndProject
Project("{FAE04EC0-301F-11D3-BF4B-00C04F79EFBC}") = "Bot_package", "Core_layer\Bot_package\Bot_package.csproj", "{E072B97C-8A2C-42A2-B7DB-78433C3B5915}"
EndProject
Project("{FAE04EC0-301F-11D3-BF4B-00C04F79EFBC}") = "Command_package", "Core_layer\Command_package\Command_package.csproj", "{C9F63C19-EC6E-4957-A173-EB67886BBF19}"
EndProject
Project("{2150E333-8FDC-42A3-9474-1A3956D46DE8}") = "Deep_layer", "Deep_layer", "{54FC1B76-0881-4BB9-8DE5-A5D7AA65EEC7}"
EndProject
Project("{FAE04EC0-301F-11D3-BF4B-00C04F79EFBC}") = "API_package", "Deep_layer\API_package\API_package.csproj", "{F831D83C-4B28-489E-8FDB-F326B0A3ED5E}"
EndProject
Project("{FAE04EC0-301F-11D3-BF4B-00C04F79EFBC}") = "DB_package", "Deep_layer\DB_package\DB_package.csproj", "{EFF1EC24-0F28-436C-9716-37ACE5722061}"
EndProject
Project("{FAE04EC0-301F-11D3-BF4B-00C04F79EFBC}") = "NLP_package", "Deep_layer\NLP_package\NLP_package.csproj", "{FD8D27B0-66EA-4159-A42D-B60120F58F54}"
EndProject
Global
	GlobalSection(SolutionConfigurationPlatforms) = preSolution
		Debug|Any CPU = Debug|Any CPU
		Release|Any CPU = Release|Any CPU
	EndGlobalSection
	GlobalSection(SolutionProperties) = preSolution
		HideSolutionNode = FALSE
	EndGlobalSection
	GlobalSection(ProjectConfigurationPlatforms) = postSolution
		{AA22EFAF-264F-4B6C-96BB-CAF1F1D89BA6}.Debug|Any CPU.ActiveCfg = Debug|Any CPU
		{AA22EFAF-264F-4B6C-96BB-CAF1F1D89BA6}.Debug|Any CPU.Build.0 = Debug|Any CPU
		{AA22EFAF-264F-4B6C-96BB-CAF1F1D89BA6}.Release|Any CPU.ActiveCfg = Release|Any CPU
		{AA22EFAF-264F-4B6C-96BB-CAF1F1D89BA6}.Release|Any CPU.Build.0 = Release|Any CPU
		{97B3A9F6-052B-4DF3-AC3E-9395C6D5D7BA}.Debug|Any CPU.ActiveCfg = Debug|Any CPU
		{97B3A9F6-052B-4DF3-AC3E-9395C6D5D7BA}.Debug|Any CPU.Build.0 = Debug|Any CPU
		{97B3A9F6-052B-4DF3-AC3E-9395C6D5D7BA}.Release|Any CPU.ActiveCfg = Release|Any CPU
		{97B3A9F6-052B-4DF3-AC3E-9395C6D5D7BA}.Release|Any CPU.Build.0 = Release|Any CPU
		{E97B23B8-FD28-4847-A1C3-F0577D827911}.Debug|Any CPU.ActiveCfg = Debug|Any CPU
		{E97B23B8-FD28-4847-A1C3-F0577D827911}.Debug|Any CPU.Build.0 = Debug|Any CPU
		{E97B23B8-FD28-4847-A1C3-F0577D827911}.Release|Any CPU.ActiveCfg = Release|Any CPU
		{E97B23B8-FD28-4847-A1C3-F0577D827911}.Release|Any CPU.Build.0 = Release|Any CPU
		{E072B97C-8A2C-42A2-B7DB-78433C3B5915}.Debug|Any CPU.ActiveCfg = Debug|Any CPU
		{E072B97C-8A2C-42A2-B7DB-78433C3B5915}.Debug|Any CPU.Build.0 = Debug|Any CPU
		{E072B97C-8A2C-42A2-B7DB-78433C3B5915}.Release|Any CPU.ActiveCfg = Release|Any CPU
		{E072B97C-8A2C-42A2-B7DB-78433C3B5915}.Release|Any CPU.Build.0 = Release|Any CPU
		{C9F63C19-EC6E-4957-A173-EB67886BBF19}.Debug|Any CPU.ActiveCfg = Debug|Any CPU
		{C9F63C19-EC6E-4957-A173-EB67886BBF19}.Debug|Any CPU.Build.0 = Debug|Any CPU
		{C9F63C19-EC6E-4957-A173-EB67886BBF19}.Release|Any CPU.ActiveCfg = Release|Any CPU
		{C9F63C19-EC6E-4957-A173-EB67886BBF19}.Release|Any CPU.Build.0 = Release|Any CPU
		{F831D83C-4B28-489E-8FDB-F326B0A3ED5E}.Debug|Any CPU.ActiveCfg = Debug|Any CPU
		{F831D83C-4B28-489E-8FDB-F326B0A3ED5E}.Debug|Any CPU.Build.0 = Debug|Any CPU
		{F831D83C-4B28-489E-8FDB-F326B0A3ED5E}.Release|Any CPU.ActiveCfg = Release|Any CPU
		{F831D83C-4B28-489E-8FDB-F326B0A3ED5E}.Release|Any CPU.Build.0 = Release|Any CPU
		{EFF1EC24-0F28-436C-9716-37ACE5722061}.Debug|Any CPU.ActiveCfg = Debug|Any CPU
		{EFF1EC24-0F28-436C-9716-37ACE5722061}.Debug|Any CPU.Build.0 = Debug|Any CPU
		{EFF1EC24-0F28-436C-9716-37ACE5722061}.Release|Any CPU.ActiveCfg = Release|Any CPU
		{EFF1EC24-0F28-436C-9716-37ACE5722061}.Release|Any CPU.Build.0 = Release|Any CPU
		{FD8D27B0-66EA-4159-A42D-B60120F58F54}.Debug|Any CPU.ActiveCfg = Debug|Any CPU
		{FD8D27B0-66EA-4159-A42D-B60120F58F54}.Debug|Any CPU.Build.0 = Debug|Any CPU
		{FD8D27B0-66EA-4159-A42D-B60120F58F54}.Release|Any CPU.ActiveCfg = Release|Any CPU
		{FD8D27B0-66EA-4159-A42D-B60120F58F54}.Release|Any CPU.Build.0 = Release|Any CPU
	EndGlobalSection
	GlobalSection(NestedProjects) = preSolution
		{AA22EFAF-264F-4B6C-96BB-CAF1F1D89BA6} = {05DF31CE-5337-495A-8C6A-6C26FC817AB2}
		{97B3A9F6-052B-4DF3-AC3E-9395C6D5D7BA} = {05DF31CE-5337-495A-8C6A-6C26FC817AB2}
		{E97B23B8-FD28-4847-A1C3-F0577D827911} = {B8679903-7EAF-44A8-A498-C600713FD8AE}
		{E072B97C-8A2C-42A2-B7DB-78433C3B5915} = {B8679903-7EAF-44A8-A498-C600713FD8AE}
		{C9F63C19-EC6E-4957-A173-EB67886BBF19} = {B8679903-7EAF-44A8-A498-C600713FD8AE}
		{F831D83C-4B28-489E-8FDB-F326B0A3ED5E} = {54FC1B76-0881-4BB9-8DE5-A5D7AA65EEC7}
		{EFF1EC24-0F28-436C-9716-37ACE5722061} = {54FC1B76-0881-4BB9-8DE5-A5D7AA65EEC7}
		{FD8D27B0-66EA-4159-A42D-B60120F58F54} = {54FC1B76-0881-4BB9-8DE5-A5D7AA65EEC7}
	EndGlobalSection
EndGlobal
