
Microsoft Visual Studio Solution File, Format Version 12.00
# Visual Studio Version 17
VisualStudioVersion = 17.0.31903.59
MinimumVisualStudioVersion = 10.0.40219.1
Project("{2150E333-8FDC-42A3-9474-1A3956D46DE8}") = "Deep_layer", "Deep_layer", "{41E46395-93CE-410F-9576-66354D2DFFCB}"
EndProject
Project("{FAE04EC0-301F-11D3-BF4B-00C04F79EFBC}") = "DB_package", "Deep_layer\DB_package\DB_package.csproj", "{60142F9A-86E0-4E83-AD32-BB4E2AD4B1D9}"
EndProject
Project("{FAE04EC0-301F-11D3-BF4B-00C04F79EFBC}") = "NLP_package", "Deep_layer\NLP_package\NLP_package.csproj", "{432B0EEC-C6D6-47DB-839B-24F572D5BDC2}"
EndProject
Project("{2150E333-8FDC-42A3-9474-1A3956D46DE8}") = "Core_layer", "Core_layer", "{83D9A8E1-CF57-47A4-A998-98510E7A636A}"
EndProject
Project("{FAE04EC0-301F-11D3-BF4B-00C04F79EFBC}") = "Answer_package", "Core_layer\Answer_package\Answer_package.csproj", "{286325B6-7FB7-4165-ADB8-30CEB3854B25}"
EndProject
Project("{FAE04EC0-301F-11D3-BF4B-00C04F79EFBC}") = "Bot_package", "Core_layer\Bot_package\Bot_package.csproj", "{2D3DAADE-CCF3-44C1-84F1-B23BB2EF0E3A}"
EndProject
Project("{FAE04EC0-301F-11D3-BF4B-00C04F79EFBC}") = "Command_package", "Core_layer\Command_package\Command_package.csproj", "{3FCD1AFE-1FB9-4B5B-975D-1517F0A684AD}"
EndProject
Project("{2150E333-8FDC-42A3-9474-1A3956D46DE8}") = "Front_layer", "Front_layer", "{D9232112-0DB5-4D60-959F-68AFEF586BDD}"
EndProject
Project("{FAE04EC0-301F-11D3-BF4B-00C04F79EFBC}") = "Discord_bot", "Front_layer\Discord_bot\Discord_bot.csproj", "{F38032B1-1DC8-408E-9E1E-66F2341FFE6C}"
EndProject
Project("{FAE04EC0-301F-11D3-BF4B-00C04F79EFBC}") = "Telegram_bot", "Front_layer\Telegram_bot\Telegram_bot.csproj", "{4383C2B9-4DD2-4A9A-8A13-C5146658FD0B}"
EndProject
Global
	GlobalSection(SolutionConfigurationPlatforms) = preSolution
		Debug|Any CPU = Debug|Any CPU
		Release|Any CPU = Release|Any CPU
	EndGlobalSection
	GlobalSection(SolutionProperties) = preSolution
		HideSolutionNode = FALSE
	EndGlobalSection
	GlobalSection(ProjectConfigurationPlatforms) = postSolution
		{60142F9A-86E0-4E83-AD32-BB4E2AD4B1D9}.Debug|Any CPU.ActiveCfg = Debug|Any CPU
		{60142F9A-86E0-4E83-AD32-BB4E2AD4B1D9}.Debug|Any CPU.Build.0 = Debug|Any CPU
		{60142F9A-86E0-4E83-AD32-BB4E2AD4B1D9}.Release|Any CPU.ActiveCfg = Release|Any CPU
		{60142F9A-86E0-4E83-AD32-BB4E2AD4B1D9}.Release|Any CPU.Build.0 = Release|Any CPU
		{432B0EEC-C6D6-47DB-839B-24F572D5BDC2}.Debug|Any CPU.ActiveCfg = Debug|Any CPU
		{432B0EEC-C6D6-47DB-839B-24F572D5BDC2}.Debug|Any CPU.Build.0 = Debug|Any CPU
		{432B0EEC-C6D6-47DB-839B-24F572D5BDC2}.Release|Any CPU.ActiveCfg = Release|Any CPU
		{432B0EEC-C6D6-47DB-839B-24F572D5BDC2}.Release|Any CPU.Build.0 = Release|Any CPU
		{286325B6-7FB7-4165-ADB8-30CEB3854B25}.Debug|Any CPU.ActiveCfg = Debug|Any CPU
		{286325B6-7FB7-4165-ADB8-30CEB3854B25}.Debug|Any CPU.Build.0 = Debug|Any CPU
		{286325B6-7FB7-4165-ADB8-30CEB3854B25}.Release|Any CPU.ActiveCfg = Release|Any CPU
		{286325B6-7FB7-4165-ADB8-30CEB3854B25}.Release|Any CPU.Build.0 = Release|Any CPU
		{2D3DAADE-CCF3-44C1-84F1-B23BB2EF0E3A}.Debug|Any CPU.ActiveCfg = Debug|Any CPU
		{2D3DAADE-CCF3-44C1-84F1-B23BB2EF0E3A}.Debug|Any CPU.Build.0 = Debug|Any CPU
		{2D3DAADE-CCF3-44C1-84F1-B23BB2EF0E3A}.Release|Any CPU.ActiveCfg = Release|Any CPU
		{2D3DAADE-CCF3-44C1-84F1-B23BB2EF0E3A}.Release|Any CPU.Build.0 = Release|Any CPU
		{3FCD1AFE-1FB9-4B5B-975D-1517F0A684AD}.Debug|Any CPU.ActiveCfg = Debug|Any CPU
		{3FCD1AFE-1FB9-4B5B-975D-1517F0A684AD}.Debug|Any CPU.Build.0 = Debug|Any CPU
		{3FCD1AFE-1FB9-4B5B-975D-1517F0A684AD}.Release|Any CPU.ActiveCfg = Release|Any CPU
		{3FCD1AFE-1FB9-4B5B-975D-1517F0A684AD}.Release|Any CPU.Build.0 = Release|Any CPU
		{F38032B1-1DC8-408E-9E1E-66F2341FFE6C}.Debug|Any CPU.ActiveCfg = Debug|Any CPU
		{F38032B1-1DC8-408E-9E1E-66F2341FFE6C}.Debug|Any CPU.Build.0 = Debug|Any CPU
		{F38032B1-1DC8-408E-9E1E-66F2341FFE6C}.Release|Any CPU.ActiveCfg = Release|Any CPU
		{F38032B1-1DC8-408E-9E1E-66F2341FFE6C}.Release|Any CPU.Build.0 = Release|Any CPU
		{4383C2B9-4DD2-4A9A-8A13-C5146658FD0B}.Debug|Any CPU.ActiveCfg = Debug|Any CPU
		{4383C2B9-4DD2-4A9A-8A13-C5146658FD0B}.Debug|Any CPU.Build.0 = Debug|Any CPU
		{4383C2B9-4DD2-4A9A-8A13-C5146658FD0B}.Release|Any CPU.ActiveCfg = Release|Any CPU
		{4383C2B9-4DD2-4A9A-8A13-C5146658FD0B}.Release|Any CPU.Build.0 = Release|Any CPU
	EndGlobalSection
	GlobalSection(NestedProjects) = preSolution
		{60142F9A-86E0-4E83-AD32-BB4E2AD4B1D9} = {41E46395-93CE-410F-9576-66354D2DFFCB}
		{432B0EEC-C6D6-47DB-839B-24F572D5BDC2} = {41E46395-93CE-410F-9576-66354D2DFFCB}
		{286325B6-7FB7-4165-ADB8-30CEB3854B25} = {83D9A8E1-CF57-47A4-A998-98510E7A636A}
		{2D3DAADE-CCF3-44C1-84F1-B23BB2EF0E3A} = {83D9A8E1-CF57-47A4-A998-98510E7A636A}
		{3FCD1AFE-1FB9-4B5B-975D-1517F0A684AD} = {83D9A8E1-CF57-47A4-A998-98510E7A636A}
		{F38032B1-1DC8-408E-9E1E-66F2341FFE6C} = {D9232112-0DB5-4D60-959F-68AFEF586BDD}
		{4383C2B9-4DD2-4A9A-8A13-C5146658FD0B} = {D9232112-0DB5-4D60-959F-68AFEF586BDD}
	EndGlobalSection
EndGlobal
