
Microsoft Visual Studio Solution File, Format Version 12.00
# Visual Studio Version 17
VisualStudioVersion = 17.0.31903.59
MinimumVisualStudioVersion = 10.0.40219.1
Project("{2150E333-8FDC-42A3-9474-1A3956D46DE8}") = "Front_layer", "Front_layer", "{D8630DFF-732A-4DCC-9103-2F62242A3786}"
EndProject
Project("{FAE04EC0-301F-11D3-BF4B-00C04F79EFBC}") = "Discord_bot", "Front_layer\Discord_bot\Discord_bot.csproj", "{4C76999B-F270-4AB7-916E-46E3167DC4B9}"
EndProject
Project("{FAE04EC0-301F-11D3-BF4B-00C04F79EFBC}") = "Telegram_bot", "Front_layer\Telegram_bot\Telegram_bot.csproj", "{99B5E344-DC19-4D5C-88C6-C26197786492}"
EndProject
Project("{2150E333-8FDC-42A3-9474-1A3956D46DE8}") = "Deep_layer", "Deep_layer", "{A9771671-7872-4035-AC94-402191AEEF06}"
EndProject
Project("{FAE04EC0-301F-11D3-BF4B-00C04F79EFBC}") = "NLP_package", "Deep_layer\NLP_package\NLP_package.csproj", "{0ECD25AF-695B-4683-A6A5-BF370950FC6F}"
EndProject
Project("{FAE04EC0-301F-11D3-BF4B-00C04F79EFBC}") = "DB_package", "Deep_layer\DB_package\DB_package.csproj", "{026BC34B-7F07-49ED-9467-EEDB2E6720D5}"
EndProject
Project("{2150E333-8FDC-42A3-9474-1A3956D46DE8}") = "Core_layer", "Core_layer", "{801D454E-7B66-4978-AB6D-29BC0C1AA401}"
EndProject
Project("{FAE04EC0-301F-11D3-BF4B-00C04F79EFBC}") = "Test_package", "Core_layer\Test_package\Test_package.csproj", "{EF36CC98-E613-48A2-95CF-49A5AB7B6884}"
EndProject
Project("{FAE04EC0-301F-11D3-BF4B-00C04F79EFBC}") = "Command_package", "Core_layer\Command_package\Command_package.csproj", "{B2D10500-C89F-462D-8D80-6579392EF6A9}"
EndProject
Project("{FAE04EC0-301F-11D3-BF4B-00C04F79EFBC}") = "Bot_package", "Core_layer\Bot_package\Bot_package.csproj", "{A30EBD39-FDC9-4CCE-A101-24AB9D3739DD}"
EndProject
Project("{FAE04EC0-301F-11D3-BF4B-00C04F79EFBC}") = "Answer_package", "Core_layer\Answer_package\Answer_package.csproj", "{61FD84A2-FF26-4AD8-A522-627DAF014774}"
EndProject
Global
	GlobalSection(SolutionConfigurationPlatforms) = preSolution
		Debug|Any CPU = Debug|Any CPU
		Release|Any CPU = Release|Any CPU
	EndGlobalSection
	GlobalSection(SolutionProperties) = preSolution
		HideSolutionNode = FALSE
	EndGlobalSection
	GlobalSection(ProjectConfigurationPlatforms) = postSolution
		{4C76999B-F270-4AB7-916E-46E3167DC4B9}.Debug|Any CPU.ActiveCfg = Debug|Any CPU
		{4C76999B-F270-4AB7-916E-46E3167DC4B9}.Debug|Any CPU.Build.0 = Debug|Any CPU
		{4C76999B-F270-4AB7-916E-46E3167DC4B9}.Release|Any CPU.ActiveCfg = Release|Any CPU
		{4C76999B-F270-4AB7-916E-46E3167DC4B9}.Release|Any CPU.Build.0 = Release|Any CPU
		{99B5E344-DC19-4D5C-88C6-C26197786492}.Debug|Any CPU.ActiveCfg = Debug|Any CPU
		{99B5E344-DC19-4D5C-88C6-C26197786492}.Debug|Any CPU.Build.0 = Debug|Any CPU
		{99B5E344-DC19-4D5C-88C6-C26197786492}.Release|Any CPU.ActiveCfg = Release|Any CPU
		{99B5E344-DC19-4D5C-88C6-C26197786492}.Release|Any CPU.Build.0 = Release|Any CPU
		{0ECD25AF-695B-4683-A6A5-BF370950FC6F}.Debug|Any CPU.ActiveCfg = Debug|Any CPU
		{0ECD25AF-695B-4683-A6A5-BF370950FC6F}.Debug|Any CPU.Build.0 = Debug|Any CPU
		{0ECD25AF-695B-4683-A6A5-BF370950FC6F}.Release|Any CPU.ActiveCfg = Release|Any CPU
		{0ECD25AF-695B-4683-A6A5-BF370950FC6F}.Release|Any CPU.Build.0 = Release|Any CPU
		{026BC34B-7F07-49ED-9467-EEDB2E6720D5}.Debug|Any CPU.ActiveCfg = Debug|Any CPU
		{026BC34B-7F07-49ED-9467-EEDB2E6720D5}.Debug|Any CPU.Build.0 = Debug|Any CPU
		{026BC34B-7F07-49ED-9467-EEDB2E6720D5}.Release|Any CPU.ActiveCfg = Release|Any CPU
		{026BC34B-7F07-49ED-9467-EEDB2E6720D5}.Release|Any CPU.Build.0 = Release|Any CPU
		{EF36CC98-E613-48A2-95CF-49A5AB7B6884}.Debug|Any CPU.ActiveCfg = Debug|Any CPU
		{EF36CC98-E613-48A2-95CF-49A5AB7B6884}.Debug|Any CPU.Build.0 = Debug|Any CPU
		{EF36CC98-E613-48A2-95CF-49A5AB7B6884}.Release|Any CPU.ActiveCfg = Release|Any CPU
		{EF36CC98-E613-48A2-95CF-49A5AB7B6884}.Release|Any CPU.Build.0 = Release|Any CPU
		{B2D10500-C89F-462D-8D80-6579392EF6A9}.Debug|Any CPU.ActiveCfg = Debug|Any CPU
		{B2D10500-C89F-462D-8D80-6579392EF6A9}.Debug|Any CPU.Build.0 = Debug|Any CPU
		{B2D10500-C89F-462D-8D80-6579392EF6A9}.Release|Any CPU.ActiveCfg = Release|Any CPU
		{B2D10500-C89F-462D-8D80-6579392EF6A9}.Release|Any CPU.Build.0 = Release|Any CPU
		{A30EBD39-FDC9-4CCE-A101-24AB9D3739DD}.Debug|Any CPU.ActiveCfg = Debug|Any CPU
		{A30EBD39-FDC9-4CCE-A101-24AB9D3739DD}.Debug|Any CPU.Build.0 = Debug|Any CPU
		{A30EBD39-FDC9-4CCE-A101-24AB9D3739DD}.Release|Any CPU.ActiveCfg = Release|Any CPU
		{A30EBD39-FDC9-4CCE-A101-24AB9D3739DD}.Release|Any CPU.Build.0 = Release|Any CPU
		{61FD84A2-FF26-4AD8-A522-627DAF014774}.Debug|Any CPU.ActiveCfg = Debug|Any CPU
		{61FD84A2-FF26-4AD8-A522-627DAF014774}.Debug|Any CPU.Build.0 = Debug|Any CPU
		{61FD84A2-FF26-4AD8-A522-627DAF014774}.Release|Any CPU.ActiveCfg = Release|Any CPU
		{61FD84A2-FF26-4AD8-A522-627DAF014774}.Release|Any CPU.Build.0 = Release|Any CPU
	EndGlobalSection
	GlobalSection(NestedProjects) = preSolution
		{D8630DFF-732A-4DCC-9103-2F62242A3786} = {D8630DFF-732A-4DCC-9103-2F62242A3786}
		{4C76999B-F270-4AB7-916E-46E3167DC4B9} = {D8630DFF-732A-4DCC-9103-2F62242A3786}
		{99B5E344-DC19-4D5C-88C6-C26197786492} = {D8630DFF-732A-4DCC-9103-2F62242A3786}
		{0ECD25AF-695B-4683-A6A5-BF370950FC6F} = {A9771671-7872-4035-AC94-402191AEEF06}
		{026BC34B-7F07-49ED-9467-EEDB2E6720D5} = {A9771671-7872-4035-AC94-402191AEEF06}
		{EF36CC98-E613-48A2-95CF-49A5AB7B6884} = {801D454E-7B66-4978-AB6D-29BC0C1AA401}
		{B2D10500-C89F-462D-8D80-6579392EF6A9} = {801D454E-7B66-4978-AB6D-29BC0C1AA401}
		{A30EBD39-FDC9-4CCE-A101-24AB9D3739DD} = {801D454E-7B66-4978-AB6D-29BC0C1AA401}
		{61FD84A2-FF26-4AD8-A522-627DAF014774} = {801D454E-7B66-4978-AB6D-29BC0C1AA401}
	EndGlobalSection
EndGlobal
