
Microsoft Visual Studio Solution File, Format Version 12.00
# Visual Studio Version 17
VisualStudioVersion = 17.4.33110.190
MinimumVisualStudioVersion = 10.0.40219.1
Project("{2150E333-8FDC-42A3-9474-1A3956D46DE8}") = "Front_layer", "Front_layer", "{FA5FE8BD-0AB2-4506-B608-D8CD5B186B7D}"
EndProject
Project("{2150E333-8FDC-42A3-9474-1A3956D46DE8}") = "Core_layer", "Core_layer", "{8A796233-98D6-492B-BDA0-B0FD34689FED}"
EndProject
Project("{2150E333-8FDC-42A3-9474-1A3956D46DE8}") = "Deep_layer", "Deep_layer", "{A8CAFE19-A4C1-4B77-93EC-95BBFF2BCFAD}"
EndProject
Project("{9A19103F-16F7-4668-BE54-9A1E7A4F7556}") = "Discord_bot", "Front_layer\Discord_bot\Discord_bot.csproj", "{3FFE9ACF-EEF9-4221-B44B-A5B5D85C5985}"
EndProject
Project("{9A19103F-16F7-4668-BE54-9A1E7A4F7556}") = "Telegram_bot", "Front_layer\Telegram_bot\Telegram_bot.csproj", "{5ED3D8BD-8B77-4DCF-9622-5A914CE665E7}"
EndProject
Project("{9A19103F-16F7-4668-BE54-9A1E7A4F7556}") = "DB_package", "Deep_layer\DB_package\DB_package.csproj", "{F9647087-10E3-4ED8-8DC2-31D5C9A244F0}"
EndProject
Project("{9A19103F-16F7-4668-BE54-9A1E7A4F7556}") = "NLP_package", "Deep_layer\NLP_package\NLP_package.csproj", "{D75D5382-DD59-425F-9988-4F6DA43DFD78}"
EndProject
Project("{9A19103F-16F7-4668-BE54-9A1E7A4F7556}") = "API_package", "Deep_layer\API_package\API_package.csproj", "{DD305CDF-7697-4786-B261-99A09C7E76FE}"
EndProject
Project("{9A19103F-16F7-4668-BE54-9A1E7A4F7556}") = "Bot_package", "Core_layer\Bot_package\Bot_package.csproj", "{AEC875F9-0F08-4B45-A6B3-58FE90294175}"
EndProject
Project("{9A19103F-16F7-4668-BE54-9A1E7A4F7556}") = "Command_package", "Core_layer\Command_package\Command_package.csproj", "{AD2F7C79-7952-4273-B717-5B54C0FDA03C}"
EndProject
Project("{9A19103F-16F7-4668-BE54-9A1E7A4F7556}") = "Answer_package", "Core_layer\Answer_package\Answer_package.csproj", "{0B59A26C-6C19-4EBB-AC69-51EAE1BCAC7F}"
EndProject
Global
	GlobalSection(SolutionConfigurationPlatforms) = preSolution
		Debug|Any CPU = Debug|Any CPU
		Release|Any CPU = Release|Any CPU
	EndGlobalSection
	GlobalSection(ProjectConfigurationPlatforms) = postSolution
		{3FFE9ACF-EEF9-4221-B44B-A5B5D85C5985}.Debug|Any CPU.ActiveCfg = Debug|Any CPU
		{3FFE9ACF-EEF9-4221-B44B-A5B5D85C5985}.Debug|Any CPU.Build.0 = Debug|Any CPU
		{3FFE9ACF-EEF9-4221-B44B-A5B5D85C5985}.Release|Any CPU.ActiveCfg = Release|Any CPU
		{3FFE9ACF-EEF9-4221-B44B-A5B5D85C5985}.Release|Any CPU.Build.0 = Release|Any CPU
		{5ED3D8BD-8B77-4DCF-9622-5A914CE665E7}.Debug|Any CPU.ActiveCfg = Debug|Any CPU
		{5ED3D8BD-8B77-4DCF-9622-5A914CE665E7}.Debug|Any CPU.Build.0 = Debug|Any CPU
		{5ED3D8BD-8B77-4DCF-9622-5A914CE665E7}.Release|Any CPU.ActiveCfg = Release|Any CPU
		{5ED3D8BD-8B77-4DCF-9622-5A914CE665E7}.Release|Any CPU.Build.0 = Release|Any CPU
		{F9647087-10E3-4ED8-8DC2-31D5C9A244F0}.Debug|Any CPU.ActiveCfg = Debug|Any CPU
		{F9647087-10E3-4ED8-8DC2-31D5C9A244F0}.Debug|Any CPU.Build.0 = Debug|Any CPU
		{F9647087-10E3-4ED8-8DC2-31D5C9A244F0}.Release|Any CPU.ActiveCfg = Release|Any CPU
		{F9647087-10E3-4ED8-8DC2-31D5C9A244F0}.Release|Any CPU.Build.0 = Release|Any CPU
		{D75D5382-DD59-425F-9988-4F6DA43DFD78}.Debug|Any CPU.ActiveCfg = Debug|Any CPU
		{D75D5382-DD59-425F-9988-4F6DA43DFD78}.Debug|Any CPU.Build.0 = Debug|Any CPU
		{D75D5382-DD59-425F-9988-4F6DA43DFD78}.Release|Any CPU.ActiveCfg = Release|Any CPU
		{D75D5382-DD59-425F-9988-4F6DA43DFD78}.Release|Any CPU.Build.0 = Release|Any CPU
		{DD305CDF-7697-4786-B261-99A09C7E76FE}.Debug|Any CPU.ActiveCfg = Debug|Any CPU
		{DD305CDF-7697-4786-B261-99A09C7E76FE}.Debug|Any CPU.Build.0 = Debug|Any CPU
		{DD305CDF-7697-4786-B261-99A09C7E76FE}.Release|Any CPU.ActiveCfg = Release|Any CPU
		{DD305CDF-7697-4786-B261-99A09C7E76FE}.Release|Any CPU.Build.0 = Release|Any CPU
		{AEC875F9-0F08-4B45-A6B3-58FE90294175}.Debug|Any CPU.ActiveCfg = Debug|Any CPU
		{AEC875F9-0F08-4B45-A6B3-58FE90294175}.Debug|Any CPU.Build.0 = Debug|Any CPU
		{AEC875F9-0F08-4B45-A6B3-58FE90294175}.Release|Any CPU.ActiveCfg = Release|Any CPU
		{AEC875F9-0F08-4B45-A6B3-58FE90294175}.Release|Any CPU.Build.0 = Release|Any CPU
		{AD2F7C79-7952-4273-B717-5B54C0FDA03C}.Debug|Any CPU.ActiveCfg = Debug|Any CPU
		{AD2F7C79-7952-4273-B717-5B54C0FDA03C}.Debug|Any CPU.Build.0 = Debug|Any CPU
		{AD2F7C79-7952-4273-B717-5B54C0FDA03C}.Release|Any CPU.ActiveCfg = Release|Any CPU
		{AD2F7C79-7952-4273-B717-5B54C0FDA03C}.Release|Any CPU.Build.0 = Release|Any CPU
		{0B59A26C-6C19-4EBB-AC69-51EAE1BCAC7F}.Debug|Any CPU.ActiveCfg = Debug|Any CPU
		{0B59A26C-6C19-4EBB-AC69-51EAE1BCAC7F}.Debug|Any CPU.Build.0 = Debug|Any CPU
		{0B59A26C-6C19-4EBB-AC69-51EAE1BCAC7F}.Release|Any CPU.ActiveCfg = Release|Any CPU
		{0B59A26C-6C19-4EBB-AC69-51EAE1BCAC7F}.Release|Any CPU.Build.0 = Release|Any CPU
	EndGlobalSection
	GlobalSection(SolutionProperties) = preSolution
		HideSolutionNode = FALSE
	EndGlobalSection
	GlobalSection(NestedProjects) = preSolution
		{3FFE9ACF-EEF9-4221-B44B-A5B5D85C5985} = {FA5FE8BD-0AB2-4506-B608-D8CD5B186B7D}
		{5ED3D8BD-8B77-4DCF-9622-5A914CE665E7} = {FA5FE8BD-0AB2-4506-B608-D8CD5B186B7D}
		{F9647087-10E3-4ED8-8DC2-31D5C9A244F0} = {A8CAFE19-A4C1-4B77-93EC-95BBFF2BCFAD}
		{D75D5382-DD59-425F-9988-4F6DA43DFD78} = {A8CAFE19-A4C1-4B77-93EC-95BBFF2BCFAD}
		{DD305CDF-7697-4786-B261-99A09C7E76FE} = {A8CAFE19-A4C1-4B77-93EC-95BBFF2BCFAD}
		{AEC875F9-0F08-4B45-A6B3-58FE90294175} = {8A796233-98D6-492B-BDA0-B0FD34689FED}
		{AD2F7C79-7952-4273-B717-5B54C0FDA03C} = {8A796233-98D6-492B-BDA0-B0FD34689FED}
		{0B59A26C-6C19-4EBB-AC69-51EAE1BCAC7F} = {8A796233-98D6-492B-BDA0-B0FD34689FED}
	EndGlobalSection
	GlobalSection(ExtensibilityGlobals) = postSolution
		SolutionGuid = {9FA77164-9410-40D5-A5F6-F84739224741}
	EndGlobalSection
EndGlobal
